
Microsoft Visual Studio Solution File, Format Version 12.00
# Visual Studio Version 17
VisualStudioVersion = 17.2.32210.308
MinimumVisualStudioVersion = 10.0.40219.1
Project("{9A19103F-16F7-4668-BE54-9A1E7A4F7556}") = "TMDBImport", "TMDBImport\TMDBImport.csproj", "{A7776E57-D2DC-48DA-B1EE-EB17E5E8CA19}"
EndProject
Project("{9A19103F-16F7-4668-BE54-9A1E7A4F7556}") = "Web", "Web\Web.csproj", "{5398367D-7556-44DA-96CF-6D18F863457E}"
EndProject
Project("{FAE04EC0-301F-11D3-BF4B-00C04F79EFBC}") = "Shared", "Shared\Shared.csproj", "{DFE16E96-4D19-4BC7-AA88-E94B6F4C66B5}"
EndProject
Global
	GlobalSection(SolutionConfigurationPlatforms) = preSolution
		Debug|Any CPU = Debug|Any CPU
		Release|Any CPU = Release|Any CPU
	EndGlobalSection
	GlobalSection(ProjectConfigurationPlatforms) = postSolution
		{A7776E57-D2DC-48DA-B1EE-EB17E5E8CA19}.Debug|Any CPU.ActiveCfg = Debug|Any CPU
		{A7776E57-D2DC-48DA-B1EE-EB17E5E8CA19}.Debug|Any CPU.Build.0 = Debug|Any CPU
		{A7776E57-D2DC-48DA-B1EE-EB17E5E8CA19}.Release|Any CPU.ActiveCfg = Release|Any CPU
		{A7776E57-D2DC-48DA-B1EE-EB17E5E8CA19}.Release|Any CPU.Build.0 = Release|Any CPU
		{5398367D-7556-44DA-96CF-6D18F863457E}.Debug|Any CPU.ActiveCfg = Debug|Any CPU
		{5398367D-7556-44DA-96CF-6D18F863457E}.Debug|Any CPU.Build.0 = Debug|Any CPU
		{5398367D-7556-44DA-96CF-6D18F863457E}.Release|Any CPU.ActiveCfg = Release|Any CPU
		{5398367D-7556-44DA-96CF-6D18F863457E}.Release|Any CPU.Build.0 = Release|Any CPU
		{DFE16E96-4D19-4BC7-AA88-E94B6F4C66B5}.Debug|Any CPU.ActiveCfg = Debug|Any CPU
		{DFE16E96-4D19-4BC7-AA88-E94B6F4C66B5}.Debug|Any CPU.Build.0 = Debug|Any CPU
		{DFE16E96-4D19-4BC7-AA88-E94B6F4C66B5}.Release|Any CPU.ActiveCfg = Release|Any CPU
		{DFE16E96-4D19-4BC7-AA88-E94B6F4C66B5}.Release|Any CPU.Build.0 = Release|Any CPU
	EndGlobalSection
	GlobalSection(SolutionProperties) = preSolution
		HideSolutionNode = FALSE
	EndGlobalSection
	GlobalSection(ExtensibilityGlobals) = postSolution
		SolutionGuid = {7772CDCE-EC6A-4485-B691-2048164570B4}
	EndGlobalSection
EndGlobal
